<?xml version="1.0" encoding="utf-8"?>
<Project ToolsVersion="4.0" xmlns="http://schemas.microsoft.com/developer/msbuild/2003">
  <ItemGroup>
    <Filter Include="Asset">
      <UniqueIdentifier>{253FD80C-9153-00BE-5AD5-A31DC6A8FCEE}</UniqueIdentifier>
    </Filter>
    <Filter Include="Asset\Shader">
      <UniqueIdentifier>{2B53DD6D-17B6-6C12-C03B-A5C8AC7D3895}</UniqueIdentifier>
    </Filter>
    <Filter Include="Spitfire">
      <UniqueIdentifier>{4B64E0BF-3731-3BCB-604A-29734C767059}</UniqueIdentifier>
    </Filter>
    <Filter Include="Spitfire\Core">
      <UniqueIdentifier>{83EF2AA2-EFAF-A6D8-B8EA-EF55246AEBB4}</UniqueIdentifier>
    </Filter>
    <Filter Include="Spitfire\Games">
      <UniqueIdentifier>{C77FC9E7-B34D-BDED-9CE1-2D14884E9952}</UniqueIdentifier>
    </Filter>
    <Filter Include="Spitfire\Games\PixelGame">
      <UniqueIdentifier>{92DC89B4-7E01-D934-A74C-BEC493D0D752}</UniqueIdentifier>
    </Filter>
    <Filter Include="Spitfire\OpenGL">
      <UniqueIdentifier>{1FEBADF4-8B76-1BB9-9487-9EAD009277B9}</UniqueIdentifier>
    </Filter>
    <Filter Include="Spitfire\OpenGL\Asset">
      <UniqueIdentifier>{EE3AFB7C-5AA7-B677-239B-4ED58FC6D8DF}</UniqueIdentifier>
    </Filter>
    <Filter Include="Spitfire\OpenGL\Camera">
      <UniqueIdentifier>{B7E6C31F-A3E0-EC71-8C4D-838278E652DE}</UniqueIdentifier>
    </Filter>
    <Filter Include="Spitfire\OpenGL\Core">
      <UniqueIdentifier>{D7DAE160-C369-6B2A-6C88-7F2558F67BD0}</UniqueIdentifier>
    </Filter>
    <Filter Include="Spitfire\OpenGL\Shader">
      <UniqueIdentifier>{E5818E45-D17B-B797-BAE8-4DA8A6811D04}</UniqueIdentifier>
    </Filter>
    <Filter Include="Spitfire\OpenGL\Texture">
      <UniqueIdentifier>{7FBF023F-EBF6-4AD6-F400-AFF960B771CF}</UniqueIdentifier>
    </Filter>
    <Filter Include="Spitfire\Renderer">
      <UniqueIdentifier>{51AC3462-BDC2-32F8-063A-BE19728F0380}</UniqueIdentifier>
    </Filter>
  </ItemGroup>
  <ItemGroup>
    <ClInclude Include="src\Asset\Shader\BaseMonochrome.h">
      <Filter>Asset\Shader</Filter>
    </ClInclude>
    <ClInclude Include="src\Asset\Shader\BaseRG.h">
      <Filter>Asset\Shader</Filter>
    </ClInclude>
    <ClInclude Include="src\Asset\Shader\BaseRGB.h">
      <Filter>Asset\Shader</Filter>
    </ClInclude>
    <ClInclude Include="src\Asset\Shader\BaseRGBA.h">
      <Filter>Asset\Shader</Filter>
    </ClInclude>
    <ClInclude Include="src\Spitfire.h" />
    <ClInclude Include="src\Spitfire\Core\Core.h">
      <Filter>Spitfire\Core</Filter>
    </ClInclude>
    <ClInclude Include="src\Spitfire\Games\PixelGame\PixelGame.h">
      <Filter>Spitfire\Games\PixelGame</Filter>
    </ClInclude>
    <ClInclude Include="src\Spitfire\OpenGL\Asset\VertexArray.h">
      <Filter>Spitfire\OpenGL\Asset</Filter>
    </ClInclude>
    <ClInclude Include="src\Spitfire\OpenGL\Asset\VertexBuffer.h">
      <Filter>Spitfire\OpenGL\Asset</Filter>
    </ClInclude>
    <ClInclude Include="src\Spitfire\OpenGL\Asset\VertexBufferLayout.h">
      <Filter>Spitfire\OpenGL\Asset</Filter>
    </ClInclude>
    <ClInclude Include="src\Spitfire\OpenGL\Camera\OrthographicCamera.h">
      <Filter>Spitfire\OpenGL\Camera</Filter>
    </ClInclude>
    <ClInclude Include="src\Spitfire\OpenGL\Camera\OrthographicCameraController.h">
      <Filter>Spitfire\OpenGL\Camera</Filter>
    </ClInclude>
    <ClInclude Include="src\Spitfire\OpenGL\Core\Core.h">
      <Filter>Spitfire\OpenGL\Core</Filter>
    </ClInclude>
    <ClInclude Include="src\Spitfire\OpenGL\Shader\Shader.h">
      <Filter>Spitfire\OpenGL\Shader</Filter>
    </ClInclude>
    <ClInclude Include="src\Spitfire\OpenGL\Texture\Texture.h">
      <Filter>Spitfire\OpenGL\Texture</Filter>
    </ClInclude>
    <ClInclude Include="src\Spitfire\Renderer\Renderer.h">
      <Filter>Spitfire\Renderer</Filter>
    </ClInclude>
    <ClInclude Include="src\Spitfirepch.h" />
  </ItemGroup>
  <ItemGroup>
    <ClCompile Include="src\Spitfire\Core\Core.cpp">
      <Filter>Spitfire\Core</Filter>
    </ClCompile>
    <ClCompile Include="src\Spitfire\Games\PixelGame\PixelGame.cpp">
      <Filter>Spitfire\Games\PixelGame</Filter>
    </ClCompile>
    <ClCompile Include="src\Spitfire\OpenGL\Asset\VertexArray.cpp">
      <Filter>Spitfire\OpenGL\Asset</Filter>
    </ClCompile>
    <ClCompile Include="src\Spitfire\OpenGL\Asset\VertexBuffer.cpp">
      <Filter>Spitfire\OpenGL\Asset</Filter>
    </ClCompile>
    <ClCompile Include="src\Spitfire\OpenGL\Asset\VertexBufferLayout.cpp">
      <Filter>Spitfire\OpenGL\Asset</Filter>
    </ClCompile>
    <ClCompile Include="src\Spitfire\OpenGL\Camera\OrthographicCamera.cpp">
      <Filter>Spitfire\OpenGL\Camera</Filter>
    </ClCompile>
    <ClCompile Include="src\Spitfire\OpenGL\Camera\OrthographicCameraController.cpp">
      <Filter>Spitfire\OpenGL\Camera</Filter>
    </ClCompile>
    <ClCompile Include="src\Spitfire\OpenGL\Shader\Shader.cpp">
      <Filter>Spitfire\OpenGL\Shader</Filter>
    </ClCompile>
    <ClCompile Include="src\Spitfire\OpenGL\Texture\Texture.cpp">
      <Filter>Spitfire\OpenGL\Texture</Filter>
    </ClCompile>
    <ClCompile Include="src\Spitfire\Renderer\Renderer.cpp">
      <Filter>Spitfire\Renderer</Filter>
    </ClCompile>
    <ClCompile Include="src\Spitfirepch.cpp" />
  </ItemGroup>
</Project>